
Microsoft Visual Studio Solution File, Format Version 12.00
# Visual Studio Version 17
VisualStudioVersion = 17.11.35303.130
MinimumVisualStudioVersion = 10.0.40219.1
Project("{9A19103F-16F7-4668-BE54-9A1E7A4F7556}") = "Ravelaso.UiPath.Sqlite", "Ravelaso.UiPath.Sqlite\Ravelaso.UiPath.Sqlite.csproj", "{3237E53E-DC06-42ED-8CDD-D6BA2CD16314}"
EndProject
Project("{9A19103F-16F7-4668-BE54-9A1E7A4F7556}") = "Ravelaso.UiPath.Sqlite.Packaging", "Ravelaso.UiPath.Sqlite.Packaging\Ravelaso.UiPath.Sqlite.Packaging.csproj", "{61443EDA-9898-4A5E-AABA-8548B29BAF87}"
EndProject
Project("{9A19103F-16F7-4668-BE54-9A1E7A4F7556}") = "Ravelaso.UiPath.Sqlite.Tests", "Ravelaso.UiPath.Sqlite.Tests\Ravelaso.UiPath.Sqlite.Tests.csproj", "{6F19FCA1-CC4B-4822-B3FE-9232E0EFB349}"
EndProject
Global
	GlobalSection(SolutionConfigurationPlatforms) = preSolution
		Debug|Any CPU = Debug|Any CPU
		Release|Any CPU = Release|Any CPU
	EndGlobalSection
	GlobalSection(ProjectConfigurationPlatforms) = postSolution
		{3237E53E-DC06-42ED-8CDD-D6BA2CD16314}.Debug|Any CPU.ActiveCfg = Debug|Any CPU
		{3237E53E-DC06-42ED-8CDD-D6BA2CD16314}.Debug|Any CPU.Build.0 = Debug|Any CPU
		{3237E53E-DC06-42ED-8CDD-D6BA2CD16314}.Release|Any CPU.ActiveCfg = Release|Any CPU
		{3237E53E-DC06-42ED-8CDD-D6BA2CD16314}.Release|Any CPU.Build.0 = Release|Any CPU
		{61443EDA-9898-4A5E-AABA-8548B29BAF87}.Debug|Any CPU.ActiveCfg = Debug|Any CPU
		{61443EDA-9898-4A5E-AABA-8548B29BAF87}.Debug|Any CPU.Build.0 = Debug|Any CPU
		{61443EDA-9898-4A5E-AABA-8548B29BAF87}.Release|Any CPU.ActiveCfg = Release|Any CPU
		{61443EDA-9898-4A5E-AABA-8548B29BAF87}.Release|Any CPU.Build.0 = Release|Any CPU
		{6F19FCA1-CC4B-4822-B3FE-9232E0EFB349}.Debug|Any CPU.ActiveCfg = Debug|Any CPU
		{6F19FCA1-CC4B-4822-B3FE-9232E0EFB349}.Debug|Any CPU.Build.0 = Debug|Any CPU
		{6F19FCA1-CC4B-4822-B3FE-9232E0EFB349}.Release|Any CPU.ActiveCfg = Release|Any CPU
		{6F19FCA1-CC4B-4822-B3FE-9232E0EFB349}.Release|Any CPU.Build.0 = Release|Any CPU
	EndGlobalSection
	GlobalSection(SolutionProperties) = preSolution
		HideSolutionNode = FALSE
	EndGlobalSection
EndGlobal
